schema: '2.0'
stages:
  run_pipeline:
    cmd: python main.py
    deps:
    - path: data/personality_dataset.csv
      hash: md5
      md5: 5b21f8093f51da0db4ee40fe567ab53a
      size: 107234
    - path: data_loader.py
      hash: md5
      md5: 9fe15639f58b421863177ab771054917
      size: 1087
    - path: data_preprocessing.py
      hash: md5
      md5: 134b2ffaec798a9ef6b93451f5863e67
      size: 1803
    - path: main.py
      hash: md5
      md5: af05e4d05410640e780fce438a6aaf2d
      size: 1501
    - path: model_evaluation.py
      hash: md5
      md5: cb0f6b08aa77156f8d344a7a35cf88f3
      size: 4388
    - path: model_training.py
      hash: md5
      md5: b37cd38607a32e2eae8322e76ab69d31
      size: 3115
    outs:
    - path: artifacts/encoders
      hash: md5
      md5: 7f61a1cc6585ee159ff1cf112c07b020.dir
      size: 1465
      nfiles: 3
    - path: artifacts/models
      hash: md5
      md5: f0893e97bdd7c9199bd15773509194da.dir
      size: 3874210
      nfiles: 16
